
Microsoft Visual Studio Solution File, Format Version 12.00
# Visual Studio 2013
VisualStudioVersion = 12.0.31101.0
MinimumVisualStudioVersion = 10.0.40219.1
Project("{FAE04EC0-301F-11D3-BF4B-00C04F79EFBC}") = "GestionCanastosMVC", "GestionCanastosMVC\GestionCanastosMVC.csproj", "{5CAFD412-EC52-467C-B3B6-0D5237A9799F}"
EndProject
Project("{FAE04EC0-301F-11D3-BF4B-00C04F79EFBC}") = "GestionCanastosMVC.Tests", "..\..\..\..\Visual Studio 2013\Projects\GestionCanastosMVC\GestionCanastosMVC.Tests\GestionCanastosMVC.Tests.csproj", "{1F3F8695-FCAD-47D4-8A2C-96BD83A425E4}"
EndProject
Global
	GlobalSection(SolutionConfigurationPlatforms) = preSolution
		Debug|Any CPU = Debug|Any CPU
		Release|Any CPU = Release|Any CPU
	EndGlobalSection
	GlobalSection(ProjectConfigurationPlatforms) = postSolution
		{5CAFD412-EC52-467C-B3B6-0D5237A9799F}.Debug|Any CPU.ActiveCfg = Debug|Any CPU
		{5CAFD412-EC52-467C-B3B6-0D5237A9799F}.Debug|Any CPU.Build.0 = Debug|Any CPU
		{5CAFD412-EC52-467C-B3B6-0D5237A9799F}.Release|Any CPU.ActiveCfg = Release|Any CPU
		{5CAFD412-EC52-467C-B3B6-0D5237A9799F}.Release|Any CPU.Build.0 = Release|Any CPU
		{1F3F8695-FCAD-47D4-8A2C-96BD83A425E4}.Debug|Any CPU.ActiveCfg = Debug|Any CPU
		{1F3F8695-FCAD-47D4-8A2C-96BD83A425E4}.Debug|Any CPU.Build.0 = Debug|Any CPU
		{1F3F8695-FCAD-47D4-8A2C-96BD83A425E4}.Release|Any CPU.ActiveCfg = Release|Any CPU
		{1F3F8695-FCAD-47D4-8A2C-96BD83A425E4}.Release|Any CPU.Build.0 = Release|Any CPU
	EndGlobalSection
	GlobalSection(SolutionProperties) = preSolution
		HideSolutionNode = FALSE
	EndGlobalSection
EndGlobal
